
Microsoft Visual Studio Solution File, Format Version 12.00
# Visual Studio Version 17
VisualStudioVersion = 17.7.34202.233
MinimumVisualStudioVersion = 10.0.40219.1
Project("{FAE04EC0-301F-11D3-BF4B-00C04F79EFBC}") = "RentAToolWebApp", "RentAToolWebApp\RentAToolWebApp.csproj", "{9790BA0C-7DE8-47EA-B69D-AB6DE5163837}"
EndProject
Global
	GlobalSection(SolutionConfigurationPlatforms) = preSolution
		Debug|Any CPU = Debug|Any CPU
		Release|Any CPU = Release|Any CPU
	EndGlobalSection
	GlobalSection(ProjectConfigurationPlatforms) = postSolution
		{9790BA0C-7DE8-47EA-B69D-AB6DE5163837}.Debug|Any CPU.ActiveCfg = Debug|Any CPU
		{9790BA0C-7DE8-47EA-B69D-AB6DE5163837}.Debug|Any CPU.Build.0 = Debug|Any CPU
		{9790BA0C-7DE8-47EA-B69D-AB6DE5163837}.Release|Any CPU.ActiveCfg = Release|Any CPU
		{9790BA0C-7DE8-47EA-B69D-AB6DE5163837}.Release|Any CPU.Build.0 = Release|Any CPU
	EndGlobalSection
	GlobalSection(SolutionProperties) = preSolution
		HideSolutionNode = FALSE
	EndGlobalSection
	GlobalSection(ExtensibilityGlobals) = postSolution
		SolutionGuid = {73A9AB95-1B2D-4A5A-B9BD-3AA1D32AE4E9}
	EndGlobalSection
EndGlobal
